
Microsoft Visual Studio Solution File, Format Version 12.00
# Visual Studio 15
VisualStudioVersion = 15.0.27130.2024
MinimumVisualStudioVersion = 10.0.40219.1
Project("{FAE04EC0-301F-11D3-BF4B-00C04F79EFBC}") = "SimpleToAdvance", "SimpleToAdvance\SimpleToAdvance.csproj", "{488EE52D-0426-472B-80C4-B333CC87B1C8}"
EndProject
Global
	GlobalSection(SolutionConfigurationPlatforms) = preSolution
		Debug|Any CPU = Debug|Any CPU
		Release|Any CPU = Release|Any CPU
	EndGlobalSection
	GlobalSection(ProjectConfigurationPlatforms) = postSolution
		{488EE52D-0426-472B-80C4-B333CC87B1C8}.Debug|Any CPU.ActiveCfg = Debug|Any CPU
		{488EE52D-0426-472B-80C4-B333CC87B1C8}.Debug|Any CPU.Build.0 = Debug|Any CPU
		{488EE52D-0426-472B-80C4-B333CC87B1C8}.Release|Any CPU.ActiveCfg = Release|Any CPU
		{488EE52D-0426-472B-80C4-B333CC87B1C8}.Release|Any CPU.Build.0 = Release|Any CPU
	EndGlobalSection
	GlobalSection(SolutionProperties) = preSolution
		HideSolutionNode = FALSE
	EndGlobalSection
	GlobalSection(ExtensibilityGlobals) = postSolution
		SolutionGuid = {0628BEDA-73DC-4D43-A7B5-B9DD289AF1D4}
	EndGlobalSection
EndGlobal
